
Microsoft Visual Studio Solution File, Format Version 12.00
# Visual Studio Version 16
VisualStudioVersion = 16.0.29519.87
MinimumVisualStudioVersion = 10.0.40219.1
Project("{9A19103F-16F7-4668-BE54-9A1E7A4F7556}") = "CalculaJuros", "CalculaJuros\CalculaJuros.csproj", "{B1E1A2B8-4A30-4095-97F0-B7087AE63742}"
EndProject
Project("{FAE04EC0-301F-11D3-BF4B-00C04F79EFBC}") = "TestCalculaJuros", "TestCalculaJuros\TestCalculaJuros.csproj", "{20DBFFC2-267F-48FF-B208-CFE3F7720795}"
EndProject
Global
	GlobalSection(SolutionConfigurationPlatforms) = preSolution
		Debug|Any CPU = Debug|Any CPU
		Release|Any CPU = Release|Any CPU
	EndGlobalSection
	GlobalSection(ProjectConfigurationPlatforms) = postSolution
		{B1E1A2B8-4A30-4095-97F0-B7087AE63742}.Debug|Any CPU.ActiveCfg = Debug|Any CPU
		{B1E1A2B8-4A30-4095-97F0-B7087AE63742}.Debug|Any CPU.Build.0 = Debug|Any CPU
		{B1E1A2B8-4A30-4095-97F0-B7087AE63742}.Release|Any CPU.ActiveCfg = Release|Any CPU
		{B1E1A2B8-4A30-4095-97F0-B7087AE63742}.Release|Any CPU.Build.0 = Release|Any CPU
		{20DBFFC2-267F-48FF-B208-CFE3F7720795}.Debug|Any CPU.ActiveCfg = Debug|Any CPU
		{20DBFFC2-267F-48FF-B208-CFE3F7720795}.Debug|Any CPU.Build.0 = Debug|Any CPU
		{20DBFFC2-267F-48FF-B208-CFE3F7720795}.Release|Any CPU.ActiveCfg = Release|Any CPU
		{20DBFFC2-267F-48FF-B208-CFE3F7720795}.Release|Any CPU.Build.0 = Release|Any CPU
	EndGlobalSection
	GlobalSection(SolutionProperties) = preSolution
		HideSolutionNode = FALSE
	EndGlobalSection
	GlobalSection(ExtensibilityGlobals) = postSolution
		SolutionGuid = {8D4F4E60-C144-4806-89DB-E7ECC0083F93}
	EndGlobalSection
EndGlobal
